# THIS IS AN AUTOGENERATED FILE. DO NOT EDIT THIS FILE DIRECTLY.
# yarn lockfile v1


"@remobile/react-native-toast@^1.0.5":
  version "1.0.5"
  resolved "https://registry.yarnpkg.com/@remobile/react-native-toast/-/react-native-toast-1.0.5.tgz#a74b1838a11b1951a354d62332fc21805b72cdca"

flow-bin@^0.38.0:
  version "0.38.0"
  resolved "https://registry.yarnpkg.com/flow-bin/-/flow-bin-0.38.0.tgz#3ae096d401c969cc8b5798253fb82381e2d0237a"

lodash@^4.17.4:
  version "4.17.4"
  resolved "https://registry.yarnpkg.com/lodash/-/lodash-4.17.4.tgz#78203a4d1c328ae1d86dca6460e369b57f4055ae"

validator@^6.2.1:
  version "6.2.1"
  resolved "https://registry.yarnpkg.com/validator/-/validator-6.2.1.tgz#bc575b78d15beb2e338a665ba9530c7f409ef667"
